# This file is automatically @generated by Wally.
# It is not intended for manual editing.
registry = "test"

[[package]]
name = "evaera/promise"
version = "4.0.0"
dependencies = []

[[package]]
name = "quamatic/rbx-redux"
version = "1.0.0"
dependencies = [["Immer", "solarhorizon/immut@0.3.2"], ["Promise", "evaera/promise@4.0.0"], ["TestEZ", "roblox/testez@0.4.1"]]

[[package]]
name = "roblox/testez"
version = "0.4.1"
dependencies = []

[[package]]
name = "solarhorizon/immut"
version = "0.3.2"
dependencies = []
